
Microsoft Visual Studio Solution File, Format Version 12.00
# Visual Studio 15
VisualStudioVersion = 15.0.28307.421
MinimumVisualStudioVersion = 10.0.40219.1
Project("{FAE04EC0-301F-11D3-BF4B-00C04F79EFBC}") = "NPCPerks", "NPCPerks\NPCPerks.csproj", "{29C48F25-CB8D-41F0-AD6E-9F87501AC913}"
EndProject
Project("{2150E333-8FDC-42A3-9474-1A3956D46DE8}") = "Solution Items", "Solution Items", "{63C3E256-560D-448F-B7AA-754D14AB0564}"
	ProjectSection(SolutionItems) = preProject
		Class1.cs = Class1.cs
	EndProjectSection
EndProject
Global
	GlobalSection(SolutionConfigurationPlatforms) = preSolution
		Debug|Any CPU = Debug|Any CPU
		Release|Any CPU = Release|Any CPU
	EndGlobalSection
	GlobalSection(ProjectConfigurationPlatforms) = postSolution
		{29C48F25-CB8D-41F0-AD6E-9F87501AC913}.Debug|Any CPU.ActiveCfg = Debug|Any CPU
		{29C48F25-CB8D-41F0-AD6E-9F87501AC913}.Debug|Any CPU.Build.0 = Debug|Any CPU
		{29C48F25-CB8D-41F0-AD6E-9F87501AC913}.Release|Any CPU.ActiveCfg = Release|Any CPU
		{29C48F25-CB8D-41F0-AD6E-9F87501AC913}.Release|Any CPU.Build.0 = Release|Any CPU
	EndGlobalSection
	GlobalSection(SolutionProperties) = preSolution
		HideSolutionNode = FALSE
	EndGlobalSection
	GlobalSection(ExtensibilityGlobals) = postSolution
		SolutionGuid = {7A0B5424-D268-40B2-A280-05356A5D2A2C}
	EndGlobalSection
EndGlobal
